
Microsoft Visual Studio Solution File, Format Version 12.00
# Visual Studio Version 17
VisualStudioVersion = 17.0.31919.166
MinimumVisualStudioVersion = 10.0.40219.1
Project("{FAE04EC0-301F-11D3-BF4B-00C04F79EFBC}") = "SuBilgiAPI", "SuBilgiAPI\SuBilgiAPI.csproj", "{6B34DB56-F472-4808-8336-E0DBDF5B24DB}"
EndProject
Global
	GlobalSection(SolutionConfigurationPlatforms) = preSolution
		Debug|Any CPU = Debug|Any CPU
		Release|Any CPU = Release|Any CPU
	EndGlobalSection
	GlobalSection(ProjectConfigurationPlatforms) = postSolution
		{6B34DB56-F472-4808-8336-E0DBDF5B24DB}.Debug|Any CPU.ActiveCfg = Debug|Any CPU
		{6B34DB56-F472-4808-8336-E0DBDF5B24DB}.Debug|Any CPU.Build.0 = Debug|Any CPU
		{6B34DB56-F472-4808-8336-E0DBDF5B24DB}.Release|Any CPU.ActiveCfg = Release|Any CPU
		{6B34DB56-F472-4808-8336-E0DBDF5B24DB}.Release|Any CPU.Build.0 = Release|Any CPU
	EndGlobalSection
	GlobalSection(SolutionProperties) = preSolution
		HideSolutionNode = FALSE
	EndGlobalSection
	GlobalSection(ExtensibilityGlobals) = postSolution
		SolutionGuid = {32157AF4-A81E-4D4D-8AEF-73FCF728458C}
	EndGlobalSection
EndGlobal
